
Microsoft Visual Studio Solution File, Format Version 12.00
# Visual Studio 2013
VisualStudioVersion = 12.0.20827.3
MinimumVisualStudioVersion = 10.0.40219.1
Project("{2150E333-8FDC-42A3-9474-1A3956D46DE8}") = "Solution Items", "Solution Items", "{140A15DE-0F66-4377-BB52-BC24C7FC46E9}"
	ProjectSection(SolutionItems) = preProject
		.editorconfig = .editorconfig
		CssSorter.dll = CssSorter.dll
		MarkdownSharp.dll = MarkdownSharp.dll
		Microsoft.VisualStudio.JavaScript.Web.Extensions.dll = Microsoft.VisualStudio.JavaScript.Web.Extensions.dll
		README.md = README.md
		WebEssentials2012logo.pdn = WebEssentials2012logo.pdn
		ZenCoding.dll = ZenCoding.dll
	EndProjectSection
EndProject
Project("{FAE04EC0-301F-11D3-BF4B-00C04F79EFBC}") = "WebEssentials2013", "EditorExtensions\WebEssentials2013.csproj", "{10D05BC1-CDEE-4D14-B88F-F91C0BDC7861}"
EndProject
Project("{FAE04EC0-301F-11D3-BF4B-00C04F79EFBC}") = "WebEssentialsChromeExtension", "WebEssentialsChromeExtension\WebEssentialsChromeExtension.csproj", "{9D141603-1A9D-4EEC-82D8-C473EA436839}"
EndProject
Global
	GlobalSection(SolutionConfigurationPlatforms) = preSolution
		Debug|Any CPU = Debug|Any CPU
		Release|Any CPU = Release|Any CPU
	EndGlobalSection
	GlobalSection(ProjectConfigurationPlatforms) = postSolution
		{10D05BC1-CDEE-4D14-B88F-F91C0BDC7861}.Debug|Any CPU.ActiveCfg = Debug|Any CPU
		{10D05BC1-CDEE-4D14-B88F-F91C0BDC7861}.Debug|Any CPU.Build.0 = Debug|Any CPU
		{10D05BC1-CDEE-4D14-B88F-F91C0BDC7861}.Release|Any CPU.ActiveCfg = Release|Any CPU
		{10D05BC1-CDEE-4D14-B88F-F91C0BDC7861}.Release|Any CPU.Build.0 = Release|Any CPU
		{9D141603-1A9D-4EEC-82D8-C473EA436839}.Debug|Any CPU.ActiveCfg = Debug|Any CPU
		{9D141603-1A9D-4EEC-82D8-C473EA436839}.Debug|Any CPU.Build.0 = Debug|Any CPU
		{9D141603-1A9D-4EEC-82D8-C473EA436839}.Release|Any CPU.ActiveCfg = Release|Any CPU
		{9D141603-1A9D-4EEC-82D8-C473EA436839}.Release|Any CPU.Build.0 = Release|Any CPU
	EndGlobalSection
	GlobalSection(SolutionProperties) = preSolution
		HideSolutionNode = FALSE
	EndGlobalSection
EndGlobal
