
Microsoft Visual Studio Solution File, Format Version 12.00
# Visual Studio 2013
VisualStudioVersion = 12.0.21005.1
MinimumVisualStudioVersion = 10.0.40219.1
Project("{2150E333-8FDC-42A3-9474-1A3956D46DE8}") = "Subfolder", "Subfolder", "{85C54ED6-54AD-4DA3-BB2B-8D943CC3D28C}"
EndProject
Project("{FAE04EC0-301F-11D3-BF4B-00C04F79EFBC}") = "CS-Normal", "CS-Normal\CS-Normal.csproj", "{481B872D-2A09-49A3-9ED8-305093033B5E}"
EndProject
Project("{2150E333-8FDC-42A3-9474-1A3956D46DE8}") = "Deeper", "Deeper", "{7E6DEB0E-6F71-49ED-9829-AB96A3F8D1BA}"
EndProject
Project("{FAE04EC0-301F-11D3-BF4B-00C04F79EFBC}") = "Web-Normal", "Web-Normal\Web-Normal.csproj", "{E2610856-361C-44C7-89AE-A6891844E566}"
EndProject
Project("{E24C65DC-7377-472B-9ABA-BC803B73C61A}") = "Website-Project", "http://localhost:12914", "{30312DB1-7B09-405D-B6E2-DA98FCD4563B}"
	ProjectSection(WebsiteProperties) = preProject
		UseIISExpress = "true"
		TargetFrameworkMoniker = ".NETFramework,Version%3Dv4.5.1"
		Debug.AspNetCompiler.VirtualPath = "/localhost_12914"
		Debug.AspNetCompiler.PhysicalPath = "Website-Project\"
		Debug.AspNetCompiler.TargetPath = "PrecompiledWeb\localhost_12914\"
		Debug.AspNetCompiler.Updateable = "true"
		Debug.AspNetCompiler.ForceOverwrite = "true"
		Debug.AspNetCompiler.FixedNames = "false"
		Debug.AspNetCompiler.Debug = "True"
		Release.AspNetCompiler.VirtualPath = "/localhost_12914"
		Release.AspNetCompiler.PhysicalPath = "Website-Project\"
		Release.AspNetCompiler.TargetPath = "PrecompiledWeb\localhost_12914\"
		Release.AspNetCompiler.Updateable = "true"
		Release.AspNetCompiler.ForceOverwrite = "true"
		Release.AspNetCompiler.FixedNames = "false"
		Release.AspNetCompiler.Debug = "False"
		SlnRelativePath = "Website-Project\"
		DefaultWebSiteLanguage = "Visual C#"
	EndProjectSection
EndProject
Project("{FAE04EC0-301F-11D3-BF4B-00C04F79EFBC}") = "CS-WinStore", "CS-WinStore\CS-WinStore.csproj", "{5777BB7D-4742-4FDA-9E89-9B1BBD8A6F9D}"
EndProject
Project("{262852C6-CD72-467D-83FE-5EEB1973A190}") = "JS-WinStore", "JS-WinStore\JS-WinStore.jsproj", "{842325A3-3F11-4ACE-ADB1-08374E529137}"
EndProject
Project("{8BC9CEB8-8B4A-11D0-8D11-00A0C91BC942}") = "CPP-Normal", "CPP-Normal\CPP-Normal.vcxproj", "{381AA974-A8EB-4C7D-A13F-C4C8ACA7476D}"
EndProject
Project("{8BC9CEB8-8B4A-11D0-8D11-00A0C91BC942}") = "CPP-WinStore", "CPP-WinStore\CPP-WinStore.vcxproj", "{03AB1342-320A-4162-92D5-7A1ECC9C86F9}"
EndProject
Global
	GlobalSection(SolutionConfigurationPlatforms) = preSolution
		Debug|Any CPU = Debug|Any CPU
		Debug|ARM = Debug|ARM
		Debug|Mixed Platforms = Debug|Mixed Platforms
		Debug|Win32 = Debug|Win32
		Debug|x64 = Debug|x64
		Debug|x86 = Debug|x86
		Release|Any CPU = Release|Any CPU
		Release|ARM = Release|ARM
		Release|Mixed Platforms = Release|Mixed Platforms
		Release|Win32 = Release|Win32
		Release|x64 = Release|x64
		Release|x86 = Release|x86
	EndGlobalSection
	GlobalSection(ProjectConfigurationPlatforms) = postSolution
		{481B872D-2A09-49A3-9ED8-305093033B5E}.Debug|Any CPU.ActiveCfg = Debug|Any CPU
		{481B872D-2A09-49A3-9ED8-305093033B5E}.Debug|Any CPU.Build.0 = Debug|Any CPU
		{481B872D-2A09-49A3-9ED8-305093033B5E}.Debug|ARM.ActiveCfg = Debug|Any CPU
		{481B872D-2A09-49A3-9ED8-305093033B5E}.Debug|Mixed Platforms.ActiveCfg = Debug|Any CPU
		{481B872D-2A09-49A3-9ED8-305093033B5E}.Debug|Mixed Platforms.Build.0 = Debug|Any CPU
		{481B872D-2A09-49A3-9ED8-305093033B5E}.Debug|Win32.ActiveCfg = Debug|Any CPU
		{481B872D-2A09-49A3-9ED8-305093033B5E}.Debug|x64.ActiveCfg = Debug|Any CPU
		{481B872D-2A09-49A3-9ED8-305093033B5E}.Debug|x86.ActiveCfg = Debug|Any CPU
		{481B872D-2A09-49A3-9ED8-305093033B5E}.Release|Any CPU.ActiveCfg = Release|Any CPU
		{481B872D-2A09-49A3-9ED8-305093033B5E}.Release|Any CPU.Build.0 = Release|Any CPU
		{481B872D-2A09-49A3-9ED8-305093033B5E}.Release|ARM.ActiveCfg = Release|Any CPU
		{481B872D-2A09-49A3-9ED8-305093033B5E}.Release|Mixed Platforms.ActiveCfg = Release|Any CPU
		{481B872D-2A09-49A3-9ED8-305093033B5E}.Release|Mixed Platforms.Build.0 = Release|Any CPU
		{481B872D-2A09-49A3-9ED8-305093033B5E}.Release|Win32.ActiveCfg = Release|Any CPU
		{481B872D-2A09-49A3-9ED8-305093033B5E}.Release|x64.ActiveCfg = Release|Any CPU
		{481B872D-2A09-49A3-9ED8-305093033B5E}.Release|x86.ActiveCfg = Release|Any CPU
		{E2610856-361C-44C7-89AE-A6891844E566}.Debug|Any CPU.ActiveCfg = Debug|Any CPU
		{E2610856-361C-44C7-89AE-A6891844E566}.Debug|Any CPU.Build.0 = Debug|Any CPU
		{E2610856-361C-44C7-89AE-A6891844E566}.Debug|ARM.ActiveCfg = Debug|Any CPU
		{E2610856-361C-44C7-89AE-A6891844E566}.Debug|Mixed Platforms.ActiveCfg = Debug|Any CPU
		{E2610856-361C-44C7-89AE-A6891844E566}.Debug|Mixed Platforms.Build.0 = Debug|Any CPU
		{E2610856-361C-44C7-89AE-A6891844E566}.Debug|Win32.ActiveCfg = Debug|Any CPU
		{E2610856-361C-44C7-89AE-A6891844E566}.Debug|x64.ActiveCfg = Debug|Any CPU
		{E2610856-361C-44C7-89AE-A6891844E566}.Debug|x86.ActiveCfg = Debug|Any CPU
		{E2610856-361C-44C7-89AE-A6891844E566}.Release|Any CPU.ActiveCfg = Release|Any CPU
		{E2610856-361C-44C7-89AE-A6891844E566}.Release|Any CPU.Build.0 = Release|Any CPU
		{E2610856-361C-44C7-89AE-A6891844E566}.Release|ARM.ActiveCfg = Release|Any CPU
		{E2610856-361C-44C7-89AE-A6891844E566}.Release|Mixed Platforms.ActiveCfg = Release|Any CPU
		{E2610856-361C-44C7-89AE-A6891844E566}.Release|Mixed Platforms.Build.0 = Release|Any CPU
		{E2610856-361C-44C7-89AE-A6891844E566}.Release|Win32.ActiveCfg = Release|Any CPU
		{E2610856-361C-44C7-89AE-A6891844E566}.Release|x64.ActiveCfg = Release|Any CPU
		{E2610856-361C-44C7-89AE-A6891844E566}.Release|x86.ActiveCfg = Release|Any CPU
		{30312DB1-7B09-405D-B6E2-DA98FCD4563B}.Debug|Any CPU.ActiveCfg = Debug|Any CPU
		{30312DB1-7B09-405D-B6E2-DA98FCD4563B}.Debug|Any CPU.Build.0 = Debug|Any CPU
		{30312DB1-7B09-405D-B6E2-DA98FCD4563B}.Debug|ARM.ActiveCfg = Debug|Any CPU
		{30312DB1-7B09-405D-B6E2-DA98FCD4563B}.Debug|Mixed Platforms.ActiveCfg = Debug|Any CPU
		{30312DB1-7B09-405D-B6E2-DA98FCD4563B}.Debug|Mixed Platforms.Build.0 = Debug|Any CPU
		{30312DB1-7B09-405D-B6E2-DA98FCD4563B}.Debug|Win32.ActiveCfg = Debug|Any CPU
		{30312DB1-7B09-405D-B6E2-DA98FCD4563B}.Debug|x64.ActiveCfg = Debug|Any CPU
		{30312DB1-7B09-405D-B6E2-DA98FCD4563B}.Debug|x86.ActiveCfg = Debug|Any CPU
		{30312DB1-7B09-405D-B6E2-DA98FCD4563B}.Release|Any CPU.ActiveCfg = Debug|Any CPU
		{30312DB1-7B09-405D-B6E2-DA98FCD4563B}.Release|Any CPU.Build.0 = Debug|Any CPU
		{30312DB1-7B09-405D-B6E2-DA98FCD4563B}.Release|ARM.ActiveCfg = Debug|Any CPU
		{30312DB1-7B09-405D-B6E2-DA98FCD4563B}.Release|Mixed Platforms.ActiveCfg = Debug|Any CPU
		{30312DB1-7B09-405D-B6E2-DA98FCD4563B}.Release|Mixed Platforms.Build.0 = Debug|Any CPU
		{30312DB1-7B09-405D-B6E2-DA98FCD4563B}.Release|Win32.ActiveCfg = Debug|Any CPU
		{30312DB1-7B09-405D-B6E2-DA98FCD4563B}.Release|x64.ActiveCfg = Debug|Any CPU
		{30312DB1-7B09-405D-B6E2-DA98FCD4563B}.Release|x86.ActiveCfg = Debug|Any CPU
		{5777BB7D-4742-4FDA-9E89-9B1BBD8A6F9D}.Debug|Any CPU.ActiveCfg = Debug|Any CPU
		{5777BB7D-4742-4FDA-9E89-9B1BBD8A6F9D}.Debug|Any CPU.Build.0 = Debug|Any CPU
		{5777BB7D-4742-4FDA-9E89-9B1BBD8A6F9D}.Debug|Any CPU.Deploy.0 = Debug|Any CPU
		{5777BB7D-4742-4FDA-9E89-9B1BBD8A6F9D}.Debug|ARM.ActiveCfg = Debug|ARM
		{5777BB7D-4742-4FDA-9E89-9B1BBD8A6F9D}.Debug|ARM.Build.0 = Debug|ARM
		{5777BB7D-4742-4FDA-9E89-9B1BBD8A6F9D}.Debug|ARM.Deploy.0 = Debug|ARM
		{5777BB7D-4742-4FDA-9E89-9B1BBD8A6F9D}.Debug|Mixed Platforms.ActiveCfg = Debug|x86
		{5777BB7D-4742-4FDA-9E89-9B1BBD8A6F9D}.Debug|Mixed Platforms.Build.0 = Debug|x86
		{5777BB7D-4742-4FDA-9E89-9B1BBD8A6F9D}.Debug|Mixed Platforms.Deploy.0 = Debug|x86
		{5777BB7D-4742-4FDA-9E89-9B1BBD8A6F9D}.Debug|Win32.ActiveCfg = Debug|x86
		{5777BB7D-4742-4FDA-9E89-9B1BBD8A6F9D}.Debug|Win32.Build.0 = Debug|x86
		{5777BB7D-4742-4FDA-9E89-9B1BBD8A6F9D}.Debug|Win32.Deploy.0 = Debug|x86
		{5777BB7D-4742-4FDA-9E89-9B1BBD8A6F9D}.Debug|x64.ActiveCfg = Debug|x64
		{5777BB7D-4742-4FDA-9E89-9B1BBD8A6F9D}.Debug|x64.Build.0 = Debug|x64
		{5777BB7D-4742-4FDA-9E89-9B1BBD8A6F9D}.Debug|x64.Deploy.0 = Debug|x64
		{5777BB7D-4742-4FDA-9E89-9B1BBD8A6F9D}.Debug|x86.ActiveCfg = Debug|x86
		{5777BB7D-4742-4FDA-9E89-9B1BBD8A6F9D}.Debug|x86.Build.0 = Debug|x86
		{5777BB7D-4742-4FDA-9E89-9B1BBD8A6F9D}.Debug|x86.Deploy.0 = Debug|x86
		{5777BB7D-4742-4FDA-9E89-9B1BBD8A6F9D}.Release|Any CPU.ActiveCfg = Release|Any CPU
		{5777BB7D-4742-4FDA-9E89-9B1BBD8A6F9D}.Release|Any CPU.Build.0 = Release|Any CPU
		{5777BB7D-4742-4FDA-9E89-9B1BBD8A6F9D}.Release|Any CPU.Deploy.0 = Release|Any CPU
		{5777BB7D-4742-4FDA-9E89-9B1BBD8A6F9D}.Release|ARM.ActiveCfg = Release|ARM
		{5777BB7D-4742-4FDA-9E89-9B1BBD8A6F9D}.Release|ARM.Build.0 = Release|ARM
		{5777BB7D-4742-4FDA-9E89-9B1BBD8A6F9D}.Release|ARM.Deploy.0 = Release|ARM
		{5777BB7D-4742-4FDA-9E89-9B1BBD8A6F9D}.Release|Mixed Platforms.ActiveCfg = Release|x86
		{5777BB7D-4742-4FDA-9E89-9B1BBD8A6F9D}.Release|Mixed Platforms.Build.0 = Release|x86
		{5777BB7D-4742-4FDA-9E89-9B1BBD8A6F9D}.Release|Mixed Platforms.Deploy.0 = Release|x86
		{5777BB7D-4742-4FDA-9E89-9B1BBD8A6F9D}.Release|Win32.ActiveCfg = Release|x86
		{5777BB7D-4742-4FDA-9E89-9B1BBD8A6F9D}.Release|Win32.Build.0 = Release|x86
		{5777BB7D-4742-4FDA-9E89-9B1BBD8A6F9D}.Release|Win32.Deploy.0 = Release|x86
		{5777BB7D-4742-4FDA-9E89-9B1BBD8A6F9D}.Release|x64.ActiveCfg = Release|x64
		{5777BB7D-4742-4FDA-9E89-9B1BBD8A6F9D}.Release|x64.Build.0 = Release|x64
		{5777BB7D-4742-4FDA-9E89-9B1BBD8A6F9D}.Release|x64.Deploy.0 = Release|x64
		{5777BB7D-4742-4FDA-9E89-9B1BBD8A6F9D}.Release|x86.ActiveCfg = Release|x86
		{5777BB7D-4742-4FDA-9E89-9B1BBD8A6F9D}.Release|x86.Build.0 = Release|x86
		{5777BB7D-4742-4FDA-9E89-9B1BBD8A6F9D}.Release|x86.Deploy.0 = Release|x86
		{842325A3-3F11-4ACE-ADB1-08374E529137}.Debug|Any CPU.ActiveCfg = Debug|Any CPU
		{842325A3-3F11-4ACE-ADB1-08374E529137}.Debug|Any CPU.Build.0 = Debug|Any CPU
		{842325A3-3F11-4ACE-ADB1-08374E529137}.Debug|Any CPU.Deploy.0 = Debug|Any CPU
		{842325A3-3F11-4ACE-ADB1-08374E529137}.Debug|ARM.ActiveCfg = Debug|ARM
		{842325A3-3F11-4ACE-ADB1-08374E529137}.Debug|ARM.Build.0 = Debug|ARM
		{842325A3-3F11-4ACE-ADB1-08374E529137}.Debug|ARM.Deploy.0 = Debug|ARM
		{842325A3-3F11-4ACE-ADB1-08374E529137}.Debug|Mixed Platforms.ActiveCfg = Debug|x86
		{842325A3-3F11-4ACE-ADB1-08374E529137}.Debug|Mixed Platforms.Build.0 = Debug|x86
		{842325A3-3F11-4ACE-ADB1-08374E529137}.Debug|Mixed Platforms.Deploy.0 = Debug|x86
		{842325A3-3F11-4ACE-ADB1-08374E529137}.Debug|Win32.ActiveCfg = Debug|x86
		{842325A3-3F11-4ACE-ADB1-08374E529137}.Debug|Win32.Build.0 = Debug|x86
		{842325A3-3F11-4ACE-ADB1-08374E529137}.Debug|Win32.Deploy.0 = Debug|x86
		{842325A3-3F11-4ACE-ADB1-08374E529137}.Debug|x64.ActiveCfg = Debug|x64
		{842325A3-3F11-4ACE-ADB1-08374E529137}.Debug|x64.Build.0 = Debug|x64
		{842325A3-3F11-4ACE-ADB1-08374E529137}.Debug|x64.Deploy.0 = Debug|x64
		{842325A3-3F11-4ACE-ADB1-08374E529137}.Debug|x86.ActiveCfg = Debug|x86
		{842325A3-3F11-4ACE-ADB1-08374E529137}.Debug|x86.Build.0 = Debug|x86
		{842325A3-3F11-4ACE-ADB1-08374E529137}.Debug|x86.Deploy.0 = Debug|x86
		{842325A3-3F11-4ACE-ADB1-08374E529137}.Release|Any CPU.ActiveCfg = Release|Any CPU
		{842325A3-3F11-4ACE-ADB1-08374E529137}.Release|Any CPU.Build.0 = Release|Any CPU
		{842325A3-3F11-4ACE-ADB1-08374E529137}.Release|Any CPU.Deploy.0 = Release|Any CPU
		{842325A3-3F11-4ACE-ADB1-08374E529137}.Release|ARM.ActiveCfg = Release|ARM
		{842325A3-3F11-4ACE-ADB1-08374E529137}.Release|ARM.Build.0 = Release|ARM
		{842325A3-3F11-4ACE-ADB1-08374E529137}.Release|ARM.Deploy.0 = Release|ARM
		{842325A3-3F11-4ACE-ADB1-08374E529137}.Release|Mixed Platforms.ActiveCfg = Release|x86
		{842325A3-3F11-4ACE-ADB1-08374E529137}.Release|Mixed Platforms.Build.0 = Release|x86
		{842325A3-3F11-4ACE-ADB1-08374E529137}.Release|Mixed Platforms.Deploy.0 = Release|x86
		{842325A3-3F11-4ACE-ADB1-08374E529137}.Release|Win32.ActiveCfg = Release|x86
		{842325A3-3F11-4ACE-ADB1-08374E529137}.Release|Win32.Build.0 = Release|x86
		{842325A3-3F11-4ACE-ADB1-08374E529137}.Release|Win32.Deploy.0 = Release|x86
		{842325A3-3F11-4ACE-ADB1-08374E529137}.Release|x64.ActiveCfg = Release|x64
		{842325A3-3F11-4ACE-ADB1-08374E529137}.Release|x64.Build.0 = Release|x64
		{842325A3-3F11-4ACE-ADB1-08374E529137}.Release|x64.Deploy.0 = Release|x64
		{842325A3-3F11-4ACE-ADB1-08374E529137}.Release|x86.ActiveCfg = Release|x86
		{842325A3-3F11-4ACE-ADB1-08374E529137}.Release|x86.Build.0 = Release|x86
		{842325A3-3F11-4ACE-ADB1-08374E529137}.Release|x86.Deploy.0 = Release|x86
		{381AA974-A8EB-4C7D-A13F-C4C8ACA7476D}.Debug|Any CPU.ActiveCfg = Debug|Win32
		{381AA974-A8EB-4C7D-A13F-C4C8ACA7476D}.Debug|ARM.ActiveCfg = Debug|Win32
		{381AA974-A8EB-4C7D-A13F-C4C8ACA7476D}.Debug|Mixed Platforms.ActiveCfg = Debug|Win32
		{381AA974-A8EB-4C7D-A13F-C4C8ACA7476D}.Debug|Mixed Platforms.Build.0 = Debug|Win32
		{381AA974-A8EB-4C7D-A13F-C4C8ACA7476D}.Debug|Win32.ActiveCfg = Debug|Win32
		{381AA974-A8EB-4C7D-A13F-C4C8ACA7476D}.Debug|Win32.Build.0 = Debug|Win32
		{381AA974-A8EB-4C7D-A13F-C4C8ACA7476D}.Debug|x64.ActiveCfg = Debug|Win32
		{381AA974-A8EB-4C7D-A13F-C4C8ACA7476D}.Debug|x86.ActiveCfg = Debug|Win32
		{381AA974-A8EB-4C7D-A13F-C4C8ACA7476D}.Debug|x86.Build.0 = Debug|Win32
		{381AA974-A8EB-4C7D-A13F-C4C8ACA7476D}.Release|Any CPU.ActiveCfg = Release|Win32
		{381AA974-A8EB-4C7D-A13F-C4C8ACA7476D}.Release|ARM.ActiveCfg = Release|Win32
		{381AA974-A8EB-4C7D-A13F-C4C8ACA7476D}.Release|Mixed Platforms.ActiveCfg = Release|Win32
		{381AA974-A8EB-4C7D-A13F-C4C8ACA7476D}.Release|Mixed Platforms.Build.0 = Release|Win32
		{381AA974-A8EB-4C7D-A13F-C4C8ACA7476D}.Release|Win32.ActiveCfg = Release|Win32
		{381AA974-A8EB-4C7D-A13F-C4C8ACA7476D}.Release|Win32.Build.0 = Release|Win32
		{381AA974-A8EB-4C7D-A13F-C4C8ACA7476D}.Release|x64.ActiveCfg = Release|Win32
		{381AA974-A8EB-4C7D-A13F-C4C8ACA7476D}.Release|x86.ActiveCfg = Release|Win32
		{381AA974-A8EB-4C7D-A13F-C4C8ACA7476D}.Release|x86.Build.0 = Release|Win32
		{03AB1342-320A-4162-92D5-7A1ECC9C86F9}.Debug|Any CPU.ActiveCfg = Debug|Win32
		{03AB1342-320A-4162-92D5-7A1ECC9C86F9}.Debug|ARM.ActiveCfg = Debug|ARM
		{03AB1342-320A-4162-92D5-7A1ECC9C86F9}.Debug|ARM.Build.0 = Debug|ARM
		{03AB1342-320A-4162-92D5-7A1ECC9C86F9}.Debug|ARM.Deploy.0 = Debug|ARM
		{03AB1342-320A-4162-92D5-7A1ECC9C86F9}.Debug|Mixed Platforms.ActiveCfg = Debug|Win32
		{03AB1342-320A-4162-92D5-7A1ECC9C86F9}.Debug|Mixed Platforms.Build.0 = Debug|Win32
		{03AB1342-320A-4162-92D5-7A1ECC9C86F9}.Debug|Mixed Platforms.Deploy.0 = Debug|Win32
		{03AB1342-320A-4162-92D5-7A1ECC9C86F9}.Debug|Win32.ActiveCfg = Debug|Win32
		{03AB1342-320A-4162-92D5-7A1ECC9C86F9}.Debug|Win32.Build.0 = Debug|Win32
		{03AB1342-320A-4162-92D5-7A1ECC9C86F9}.Debug|Win32.Deploy.0 = Debug|Win32
		{03AB1342-320A-4162-92D5-7A1ECC9C86F9}.Debug|x64.ActiveCfg = Debug|x64
		{03AB1342-320A-4162-92D5-7A1ECC9C86F9}.Debug|x64.Build.0 = Debug|x64
		{03AB1342-320A-4162-92D5-7A1ECC9C86F9}.Debug|x64.Deploy.0 = Debug|x64
		{03AB1342-320A-4162-92D5-7A1ECC9C86F9}.Debug|x86.ActiveCfg = Debug|Win32
		{03AB1342-320A-4162-92D5-7A1ECC9C86F9}.Debug|x86.Build.0 = Debug|Win32
		{03AB1342-320A-4162-92D5-7A1ECC9C86F9}.Debug|x86.Deploy.0 = Debug|Win32
		{03AB1342-320A-4162-92D5-7A1ECC9C86F9}.Release|Any CPU.ActiveCfg = Release|Win32
		{03AB1342-320A-4162-92D5-7A1ECC9C86F9}.Release|ARM.ActiveCfg = Release|ARM
		{03AB1342-320A-4162-92D5-7A1ECC9C86F9}.Release|ARM.Build.0 = Release|ARM
		{03AB1342-320A-4162-92D5-7A1ECC9C86F9}.Release|ARM.Deploy.0 = Release|ARM
		{03AB1342-320A-4162-92D5-7A1ECC9C86F9}.Release|Mixed Platforms.ActiveCfg = Release|Win32
		{03AB1342-320A-4162-92D5-7A1ECC9C86F9}.Release|Mixed Platforms.Build.0 = Release|Win32
		{03AB1342-320A-4162-92D5-7A1ECC9C86F9}.Release|Mixed Platforms.Deploy.0 = Release|Win32
		{03AB1342-320A-4162-92D5-7A1ECC9C86F9}.Release|Win32.ActiveCfg = Release|Win32
		{03AB1342-320A-4162-92D5-7A1ECC9C86F9}.Release|Win32.Build.0 = Release|Win32
		{03AB1342-320A-4162-92D5-7A1ECC9C86F9}.Release|Win32.Deploy.0 = Release|Win32
		{03AB1342-320A-4162-92D5-7A1ECC9C86F9}.Release|x64.ActiveCfg = Release|x64
		{03AB1342-320A-4162-92D5-7A1ECC9C86F9}.Release|x64.Build.0 = Release|x64
		{03AB1342-320A-4162-92D5-7A1ECC9C86F9}.Release|x64.Deploy.0 = Release|x64
		{03AB1342-320A-4162-92D5-7A1ECC9C86F9}.Release|x86.ActiveCfg = Release|Win32
		{03AB1342-320A-4162-92D5-7A1ECC9C86F9}.Release|x86.Build.0 = Release|Win32
		{03AB1342-320A-4162-92D5-7A1ECC9C86F9}.Release|x86.Deploy.0 = Release|Win32
	EndGlobalSection
	GlobalSection(SolutionProperties) = preSolution
		HideSolutionNode = FALSE
	EndGlobalSection
	GlobalSection(NestedProjects) = preSolution
		{481B872D-2A09-49A3-9ED8-305093033B5E} = {85C54ED6-54AD-4DA3-BB2B-8D943CC3D28C}
		{7E6DEB0E-6F71-49ED-9829-AB96A3F8D1BA} = {85C54ED6-54AD-4DA3-BB2B-8D943CC3D28C}
		{5777BB7D-4742-4FDA-9E89-9B1BBD8A6F9D} = {85C54ED6-54AD-4DA3-BB2B-8D943CC3D28C}
		{03AB1342-320A-4162-92D5-7A1ECC9C86F9} = {7E6DEB0E-6F71-49ED-9829-AB96A3F8D1BA}
		{381AA974-A8EB-4C7D-A13F-C4C8ACA7476D} = {7E6DEB0E-6F71-49ED-9829-AB96A3F8D1BA}
	EndGlobalSection
EndGlobal
