<?xml version="1.0" encoding="utf-8"?>
<Project ToolsVersion="12.0" xmlns="http://schemas.microsoft.com/developer/msbuild/2003">
  <ItemGroup>
    <Filter Include="Common">
      <UniqueIdentifier>03ab1342-320a-4162-92d5-7a1ecc9c86f9</UniqueIdentifier>
    </Filter>
    <Filter Include="Assets">
      <UniqueIdentifier>c278f0ac-1dee-47f6-981e-a9c833ca4bbb</UniqueIdentifier>
      <Extensions>bmp;fbx;gif;jpg;jpeg;tga;tiff;tif;png</Extensions>
    </Filter>
  </ItemGroup>
  <ItemGroup>
    <ClCompile Include="App.xaml.cpp" />
    <ClCompile Include="MainPage.xaml.cpp" />
  </ItemGroup>
  <ItemGroup>
    <ClInclude Include="App.xaml.h" />
    <ClInclude Include="MainPage.xaml.h" />
  </ItemGroup>
</Project>